// !$*UTF8*$!
{
	archiveVersion = 1;
	classes = {
	};
	objectVersion = 50;
	objects = {

/* Begin PBXBuildFile section */
		6761ABF420B3204E00F33068 /* AppDelegate.swift in Sources */ = {isa = PBXBuildFile; fileRef = 6761ABF320B3204E00F33068 /* AppDelegate.swift */; };
		6761ABF620B3204E00F33068 /* ViewController.swift in Sources */ = {isa = PBXBuildFile; fileRef = 6761ABF520B3204E00F33068 /* ViewController.swift */; };
		6761ABF920B3204E00F33068 /* Main.storyboard in Resources */ = {isa = PBXBuildFile; fileRef = 6761ABF720B3204E00F33068 /* Main.storyboard */; };
		6761ABFB20B3205000F33068 /* Assets.xcassets in Resources */ = {isa = PBXBuildFile; fileRef = 6761ABFA20B3205000F33068 /* Assets.xcassets */; };
		6761ABFE20B3205000F33068 /* LaunchScreen.storyboard in Resources */ = {isa = PBXBuildFile; fileRef = 6761ABFC20B3205000F33068 /* LaunchScreen.storyboard */; };
		6761AC0920B3205000F33068 /* NetworkingLayerTests.swift in Sources */ = {isa = PBXBuildFile; fileRef = 6761AC0820B3205000F33068 /* NetworkingLayerTests.swift */; };
		6761AC1620B3211C00F33068 /* Endpoint.swift in Sources */ = {isa = PBXBuildFile; fileRef = 6761AC1520B3211C00F33068 /* Endpoint.swift */; };
		6761AC1820B3216E00F33068 /* HTTPMethod.swift in Sources */ = {isa = PBXBuildFile; fileRef = 6761AC1720B3216E00F33068 /* HTTPMethod.swift */; };
		6761AC1A20B321CF00F33068 /* HTTPTask.swift in Sources */ = {isa = PBXBuildFile; fileRef = 6761AC1920B321CF00F33068 /* HTTPTask.swift */; };
		6761AC1C20B321F100F33068 /* NetworkError.swift in Sources */ = {isa = PBXBuildFile; fileRef = 6761AC1B20B321F100F33068 /* NetworkError.swift */; };
		6761AC1E20B3222700F33068 /* ParameterEncoder.swift in Sources */ = {isa = PBXBuildFile; fileRef = 6761AC1D20B3222700F33068 /* ParameterEncoder.swift */; };
		6761AC2020B3223700F33068 /* NetworkService.swift in Sources */ = {isa = PBXBuildFile; fileRef = 6761AC1F20B3223700F33068 /* NetworkService.swift */; };
		6761AC2520B3234100F33068 /* URLParameterEncoder.swift in Sources */ = {isa = PBXBuildFile; fileRef = 6761AC2420B3234100F33068 /* URLParameterEncoder.swift */; };
		6761AC2720B3263200F33068 /* JSONParameterEncoder.swift in Sources */ = {isa = PBXBuildFile; fileRef = 6761AC2620B3263200F33068 /* JSONParameterEncoder.swift */; };
		6761AC2920B32AAD00F33068 /* Service.swift in Sources */ = {isa = PBXBuildFile; fileRef = 6761AC2820B32AAD00F33068 /* Service.swift */; };
		6761AC2C20B3438100F33068 /* MovieApi.swift in Sources */ = {isa = PBXBuildFile; fileRef = 6761AC2B20B3438100F33068 /* MovieApi.swift */; };
		6761AC2E20B343C700F33068 /* MovieModel.swift in Sources */ = {isa = PBXBuildFile; fileRef = 6761AC2D20B343C700F33068 /* MovieModel.swift */; };
		6761AC3020B3449100F33068 /* NetworkManager.swift in Sources */ = {isa = PBXBuildFile; fileRef = 6761AC2F20B3449100F33068 /* NetworkManager.swift */; };
/* End PBXBuildFile section */

/* Begin PBXContainerItemProxy section */
		6761AC0520B3205000F33068 /* PBXContainerItemProxy */ = {
			isa = PBXContainerItemProxy;
			containerPortal = 6761ABE820B3204E00F33068 /* Project object */;
			proxyType = 1;
			remoteGlobalIDString = 6761ABEF20B3204E00F33068;
			remoteInfo = NetworkingLayer;
		};
/* End PBXContainerItemProxy section */

/* Begin PBXFileReference section */
		6761ABF020B3204E00F33068 /* NetworkingLayer.app */ = {isa = PBXFileReference; explicitFileType = wrapper.application; includeInIndex = 0; path = NetworkingLayer.app; sourceTree = BUILT_PRODUCTS_DIR; };
		6761ABF320B3204E00F33068 /* AppDelegate.swift */ = {isa = PBXFileReference; lastKnownFileType = sourcecode.swift; path = AppDelegate.swift; sourceTree = "<group>"; };
		6761ABF520B3204E00F33068 /* ViewController.swift */ = {isa = PBXFileReference; lastKnownFileType = sourcecode.swift; path = ViewController.swift; sourceTree = "<group>"; };
		6761ABF820B3204E00F33068 /* Base */ = {isa = PBXFileReference; lastKnownFileType = file.storyboard; name = Base; path = Base.lproj/Main.storyboard; sourceTree = "<group>"; };
		6761ABFA20B3205000F33068 /* Assets.xcassets */ = {isa = PBXFileReference; lastKnownFileType = folder.assetcatalog; path = Assets.xcassets; sourceTree = "<group>"; };
		6761ABFD20B3205000F33068 /* Base */ = {isa = PBXFileReference; lastKnownFileType = file.storyboard; name = Base; path = Base.lproj/LaunchScreen.storyboard; sourceTree = "<group>"; };
		6761ABFF20B3205000F33068 /* Info.plist */ = {isa = PBXFileReference; lastKnownFileType = text.plist.xml; path = Info.plist; sourceTree = "<group>"; };
		6761AC0420B3205000F33068 /* NetworkingLayerTests.xctest */ = {isa = PBXFileReference; explicitFileType = wrapper.cfbundle; includeInIndex = 0; path = NetworkingLayerTests.xctest; sourceTree = BUILT_PRODUCTS_DIR; };
		6761AC0820B3205000F33068 /* NetworkingLayerTests.swift */ = {isa = PBXFileReference; lastKnownFileType = sourcecode.swift; path = NetworkingLayerTests.swift; sourceTree = "<group>"; };
		6761AC0A20B3205000F33068 /* Info.plist */ = {isa = PBXFileReference; lastKnownFileType = text.plist.xml; path = Info.plist; sourceTree = "<group>"; };
		6761AC1520B3211C00F33068 /* Endpoint.swift */ = {isa = PBXFileReference; lastKnownFileType = sourcecode.swift; path = Endpoint.swift; sourceTree = "<group>"; };
		6761AC1720B3216E00F33068 /* HTTPMethod.swift */ = {isa = PBXFileReference; lastKnownFileType = sourcecode.swift; path = HTTPMethod.swift; sourceTree = "<group>"; };
		6761AC1920B321CF00F33068 /* HTTPTask.swift */ = {isa = PBXFileReference; lastKnownFileType = sourcecode.swift; path = HTTPTask.swift; sourceTree = "<group>"; };
		6761AC1B20B321F100F33068 /* NetworkError.swift */ = {isa = PBXFileReference; lastKnownFileType = sourcecode.swift; path = NetworkError.swift; sourceTree = "<group>"; };
		6761AC1D20B3222700F33068 /* ParameterEncoder.swift */ = {isa = PBXFileReference; lastKnownFileType = sourcecode.swift; path = ParameterEncoder.swift; sourceTree = "<group>"; };
		6761AC1F20B3223700F33068 /* NetworkService.swift */ = {isa = PBXFileReference; lastKnownFileType = sourcecode.swift; path = NetworkService.swift; sourceTree = "<group>"; };
		6761AC2420B3234100F33068 /* URLParameterEncoder.swift */ = {isa = PBXFileReference; lastKnownFileType = sourcecode.swift; path = URLParameterEncoder.swift; sourceTree = "<group>"; };
		6761AC2620B3263200F33068 /* JSONParameterEncoder.swift */ = {isa = PBXFileReference; lastKnownFileType = sourcecode.swift; path = JSONParameterEncoder.swift; sourceTree = "<group>"; };
		6761AC2820B32AAD00F33068 /* Service.swift */ = {isa = PBXFileReference; lastKnownFileType = sourcecode.swift; path = Service.swift; sourceTree = "<group>"; };
		6761AC2B20B3438100F33068 /* MovieApi.swift */ = {isa = PBXFileReference; lastKnownFileType = sourcecode.swift; path = MovieApi.swift; sourceTree = "<group>"; };
		6761AC2D20B343C700F33068 /* MovieModel.swift */ = {isa = PBXFileReference; lastKnownFileType = sourcecode.swift; path = MovieModel.swift; sourceTree = "<group>"; };
		6761AC2F20B3449100F33068 /* NetworkManager.swift */ = {isa = PBXFileReference; lastKnownFileType = sourcecode.swift; path = NetworkManager.swift; sourceTree = "<group>"; };
/* End PBXFileReference section */

/* Begin PBXFrameworksBuildPhase section */
		6761ABED20B3204E00F33068 /* Frameworks */ = {
			isa = PBXFrameworksBuildPhase;
			buildActionMask = 2147483647;
			files = (
			);
			runOnlyForDeploymentPostprocessing = 0;
		};
		6761AC0120B3205000F33068 /* Frameworks */ = {
			isa = PBXFrameworksBuildPhase;
			buildActionMask = 2147483647;
			files = (
			);
			runOnlyForDeploymentPostprocessing = 0;
		};
/* End PBXFrameworksBuildPhase section */

/* Begin PBXGroup section */
		6761ABE720B3204E00F33068 = {
			isa = PBXGroup;
			children = (
				6761ABF220B3204E00F33068 /* NetworkingLayer */,
				6761AC0720B3205000F33068 /* NetworkingLayerTests */,
				6761ABF120B3204E00F33068 /* Products */,
			);
			sourceTree = "<group>";
		};
		6761ABF120B3204E00F33068 /* Products */ = {
			isa = PBXGroup;
			children = (
				6761ABF020B3204E00F33068 /* NetworkingLayer.app */,
				6761AC0420B3205000F33068 /* NetworkingLayerTests.xctest */,
			);
			name = Products;
			sourceTree = "<group>";
		};
		6761ABF220B3204E00F33068 /* NetworkingLayer */ = {
			isa = PBXGroup;
			children = (
				6761AC2A20B3432F00F33068 /* Movies */,
				6761AC1320B3207300F33068 /* Networking */,
				6761ABF320B3204E00F33068 /* AppDelegate.swift */,
				6761ABF520B3204E00F33068 /* ViewController.swift */,
				6761ABF720B3204E00F33068 /* Main.storyboard */,
				6761ABFA20B3205000F33068 /* Assets.xcassets */,
				6761ABFC20B3205000F33068 /* LaunchScreen.storyboard */,
				6761ABFF20B3205000F33068 /* Info.plist */,
			);
			path = NetworkingLayer;
			sourceTree = "<group>";
		};
		6761AC0720B3205000F33068 /* NetworkingLayerTests */ = {
			isa = PBXGroup;
			children = (
				6761AC0820B3205000F33068 /* NetworkingLayerTests.swift */,
				6761AC0A20B3205000F33068 /* Info.plist */,
			);
			path = NetworkingLayerTests;
			sourceTree = "<group>";
		};
		6761AC1320B3207300F33068 /* Networking */ = {
			isa = PBXGroup;
			children = (
				6761AC2320B3232000F33068 /* Implementations */,
				6761AC1420B320D800F33068 /* Protocols */,
				6761AC1720B3216E00F33068 /* HTTPMethod.swift */,
				6761AC1920B321CF00F33068 /* HTTPTask.swift */,
				6761AC1B20B321F100F33068 /* NetworkError.swift */,
			);
			path = Networking;
			sourceTree = "<group>";
		};
		6761AC1420B320D800F33068 /* Protocols */ = {
			isa = PBXGroup;
			children = (
				6761AC1520B3211C00F33068 /* Endpoint.swift */,
				6761AC1D20B3222700F33068 /* ParameterEncoder.swift */,
				6761AC1F20B3223700F33068 /* NetworkService.swift */,
			);
			path = Protocols;
			sourceTree = "<group>";
		};
		6761AC2320B3232000F33068 /* Implementations */ = {
			isa = PBXGroup;
			children = (
				6761AC2420B3234100F33068 /* URLParameterEncoder.swift */,
				6761AC2620B3263200F33068 /* JSONParameterEncoder.swift */,
				6761AC2820B32AAD00F33068 /* Service.swift */,
			);
			path = Implementations;
			sourceTree = "<group>";
		};
		6761AC2A20B3432F00F33068 /* Movies */ = {
			isa = PBXGroup;
			children = (
				6761AC2B20B3438100F33068 /* MovieApi.swift */,
				6761AC2D20B343C700F33068 /* MovieModel.swift */,
				6761AC2F20B3449100F33068 /* NetworkManager.swift */,
			);
			path = Movies;
			sourceTree = "<group>";
		};
/* End PBXGroup section */

/* Begin PBXNativeTarget section */
		6761ABEF20B3204E00F33068 /* NetworkingLayer */ = {
			isa = PBXNativeTarget;
			buildConfigurationList = 6761AC0D20B3205000F33068 /* Build configuration list for PBXNativeTarget "NetworkingLayer" */;
			buildPhases = (
				6761ABEC20B3204E00F33068 /* Sources */,
				6761ABED20B3204E00F33068 /* Frameworks */,
				6761ABEE20B3204E00F33068 /* Resources */,
			);
			buildRules = (
			);
			dependencies = (
			);
			name = NetworkingLayer;
			productName = NetworkingLayer;
			productReference = 6761ABF020B3204E00F33068 /* NetworkingLayer.app */;
			productType = "com.apple.product-type.application";
		};
		6761AC0320B3205000F33068 /* NetworkingLayerTests */ = {
			isa = PBXNativeTarget;
			buildConfigurationList = 6761AC1020B3205000F33068 /* Build configuration list for PBXNativeTarget "NetworkingLayerTests" */;
			buildPhases = (
				6761AC0020B3205000F33068 /* Sources */,
				6761AC0120B3205000F33068 /* Frameworks */,
				6761AC0220B3205000F33068 /* Resources */,
			);
			buildRules = (
			);
			dependencies = (
				6761AC0620B3205000F33068 /* PBXTargetDependency */,
			);
			name = NetworkingLayerTests;
			productName = NetworkingLayerTests;
			productReference = 6761AC0420B3205000F33068 /* NetworkingLayerTests.xctest */;
			productType = "com.apple.product-type.bundle.unit-test";
		};
/* End PBXNativeTarget section */

/* Begin PBXProject section */
		6761ABE820B3204E00F33068 /* Project object */ = {
			isa = PBXProject;
			attributes = {
				LastSwiftUpdateCheck = 0930;
				LastUpgradeCheck = 0930;
				ORGANIZATIONNAME = "Christopher Olsen";
				TargetAttributes = {
					6761ABEF20B3204E00F33068 = {
						CreatedOnToolsVersion = 9.3;
					};
					6761AC0320B3205000F33068 = {
						CreatedOnToolsVersion = 9.3;
						TestTargetID = 6761ABEF20B3204E00F33068;
					};
				};
			};
			buildConfigurationList = 6761ABEB20B3204E00F33068 /* Build configuration list for PBXProject "NetworkingLayer" */;
			compatibilityVersion = "Xcode 9.3";
			developmentRegion = en;
			hasScannedForEncodings = 0;
			knownRegions = (
				en,
				Base,
			);
			mainGroup = 6761ABE720B3204E00F33068;
			productRefGroup = 6761ABF120B3204E00F33068 /* Products */;
			projectDirPath = "";
			projectRoot = "";
			targets = (
				6761ABEF20B3204E00F33068 /* NetworkingLayer */,
				6761AC0320B3205000F33068 /* NetworkingLayerTests */,
			);
		};
/* End PBXProject section */

/* Begin PBXResourcesBuildPhase section */
		6761ABEE20B3204E00F33068 /* Resources */ = {
			isa = PBXResourcesBuildPhase;
			buildActionMask = 2147483647;
			files = (
				6761ABFE20B3205000F33068 /* LaunchScreen.storyboard in Resources */,
				6761ABFB20B3205000F33068 /* Assets.xcassets in Resources */,
				6761ABF920B3204E00F33068 /* Main.storyboard in Resources */,
			);
			runOnlyForDeploymentPostprocessing = 0;
		};
		6761AC0220B3205000F33068 /* Resources */ = {
			isa = PBXResourcesBuildPhase;
			buildActionMask = 2147483647;
			files = (
			);
			runOnlyForDeploymentPostprocessing = 0;
		};
/* End PBXResourcesBuildPhase section */

/* Begin PBXSourcesBuildPhase section */
		6761ABEC20B3204E00F33068 /* Sources */ = {
			isa = PBXSourcesBuildPhase;
			buildActionMask = 2147483647;
			files = (
				6761AC1820B3216E00F33068 /* HTTPMethod.swift in Sources */,
				6761AC1A20B321CF00F33068 /* HTTPTask.swift in Sources */,
				6761AC2020B3223700F33068 /* NetworkService.swift in Sources */,
				6761ABF620B3204E00F33068 /* ViewController.swift in Sources */,
				6761AC1620B3211C00F33068 /* Endpoint.swift in Sources */,
				6761AC2920B32AAD00F33068 /* Service.swift in Sources */,
				6761AC2E20B343C700F33068 /* MovieModel.swift in Sources */,
				6761AC1C20B321F100F33068 /* NetworkError.swift in Sources */,
				6761AC2C20B3438100F33068 /* MovieApi.swift in Sources */,
				6761AC2720B3263200F33068 /* JSONParameterEncoder.swift in Sources */,
				6761AC3020B3449100F33068 /* NetworkManager.swift in Sources */,
				6761ABF420B3204E00F33068 /* AppDelegate.swift in Sources */,
				6761AC1E20B3222700F33068 /* ParameterEncoder.swift in Sources */,
				6761AC2520B3234100F33068 /* URLParameterEncoder.swift in Sources */,
			);
			runOnlyForDeploymentPostprocessing = 0;
		};
		6761AC0020B3205000F33068 /* Sources */ = {
			isa = PBXSourcesBuildPhase;
			buildActionMask = 2147483647;
			files = (
				6761AC0920B3205000F33068 /* NetworkingLayerTests.swift in Sources */,
			);
			runOnlyForDeploymentPostprocessing = 0;
		};
/* End PBXSourcesBuildPhase section */

/* Begin PBXTargetDependency section */
		6761AC0620B3205000F33068 /* PBXTargetDependency */ = {
			isa = PBXTargetDependency;
			target = 6761ABEF20B3204E00F33068 /* NetworkingLayer */;
			targetProxy = 6761AC0520B3205000F33068 /* PBXContainerItemProxy */;
		};
/* End PBXTargetDependency section */

/* Begin PBXVariantGroup section */
		6761ABF720B3204E00F33068 /* Main.storyboard */ = {
			isa = PBXVariantGroup;
			children = (
				6761ABF820B3204E00F33068 /* Base */,
			);
			name = Main.storyboard;
			sourceTree = "<group>";
		};
		6761ABFC20B3205000F33068 /* LaunchScreen.storyboard */ = {
			isa = PBXVariantGroup;
			children = (
				6761ABFD20B3205000F33068 /* Base */,
			);
			name = LaunchScreen.storyboard;
			sourceTree = "<group>";
		};
/* End PBXVariantGroup section */

/* Begin XCBuildConfiguration section */
		6761AC0B20B3205000F33068 /* Debug */ = {
			isa = XCBuildConfiguration;
			buildSettings = {
				ALWAYS_SEARCH_USER_PATHS = NO;
				CLANG_ANALYZER_NONNULL = YES;
				CLANG_ANALYZER_NUMBER_OBJECT_CONVERSION = YES_AGGRESSIVE;
				CLANG_CXX_LANGUAGE_STANDARD = "gnu++14";
				CLANG_CXX_LIBRARY = "libc++";
				CLANG_ENABLE_MODULES = YES;
				CLANG_ENABLE_OBJC_ARC = YES;
				CLANG_ENABLE_OBJC_WEAK = YES;
				CLANG_WARN_BLOCK_CAPTURE_AUTORELEASING = YES;
				CLANG_WARN_BOOL_CONVERSION = YES;
				CLANG_WARN_COMMA = YES;
				CLANG_WARN_CONSTANT_CONVERSION = YES;
				CLANG_WARN_DEPRECATED_OBJC_IMPLEMENTATIONS = YES;
				CLANG_WARN_DIRECT_OBJC_ISA_USAGE = YES_ERROR;
				CLANG_WARN_DOCUMENTATION_COMMENTS = YES;
				CLANG_WARN_EMPTY_BODY = YES;
				CLANG_WARN_ENUM_CONVERSION = YES;
				CLANG_WARN_INFINITE_RECURSION = YES;
				CLANG_WARN_INT_CONVERSION = YES;
				CLANG_WARN_NON_LITERAL_NULL_CONVERSION = YES;
				CLANG_WARN_OBJC_IMPLICIT_RETAIN_SELF = YES;
				CLANG_WARN_OBJC_LITERAL_CONVERSION = YES;
				CLANG_WARN_OBJC_ROOT_CLASS = YES_ERROR;
				CLANG_WARN_RANGE_LOOP_ANALYSIS = YES;
				CLANG_WARN_STRICT_PROTOTYPES = YES;
				CLANG_WARN_SUSPICIOUS_MOVE = YES;
				CLANG_WARN_UNGUARDED_AVAILABILITY = YES_AGGRESSIVE;
				CLANG_WARN_UNREACHABLE_CODE = YES;
				CLANG_WARN__DUPLICATE_METHOD_MATCH = YES;
				CODE_SIGN_IDENTITY = "iPhone Developer";
				COPY_PHASE_STRIP = NO;
				DEBUG_INFORMATION_FORMAT = dwarf;
				ENABLE_STRICT_OBJC_MSGSEND = YES;
				ENABLE_TESTABILITY = YES;
				GCC_C_LANGUAGE_STANDARD = gnu11;
				GCC_DYNAMIC_NO_PIC = NO;
				GCC_NO_COMMON_BLOCKS = YES;
				GCC_OPTIMIZATION_LEVEL = 0;
				GCC_PREPROCESSOR_DEFINITIONS = (
					"DEBUG=1",
					"$(inherited)",
				);
				GCC_WARN_64_TO_32_BIT_CONVERSION = YES;
				GCC_WARN_ABOUT_RETURN_TYPE = YES_ERROR;
				GCC_WARN_UNDECLARED_SELECTOR = YES;
				GCC_WARN_UNINITIALIZED_AUTOS = YES_AGGRESSIVE;
				GCC_WARN_UNUSED_FUNCTION = YES;
				GCC_WARN_UNUSED_VARIABLE = YES;
				IPHONEOS_DEPLOYMENT_TARGET = 11.3;
				MTL_ENABLE_DEBUG_INFO = YES;
				ONLY_ACTIVE_ARCH = YES;
				SDKROOT = iphoneos;
				SWIFT_ACTIVE_COMPILATION_CONDITIONS = DEBUG;
				SWIFT_OPTIMIZATION_LEVEL = "-Onone";
			};
			name = Debug;
		};
		6761AC0C20B3205000F33068 /* Release */ = {
			isa = XCBuildConfiguration;
			buildSettings = {
				ALWAYS_SEARCH_USER_PATHS = NO;
				CLANG_ANALYZER_NONNULL = YES;
				CLANG_ANALYZER_NUMBER_OBJECT_CONVERSION = YES_AGGRESSIVE;
				CLANG_CXX_LANGUAGE_STANDARD = "gnu++14";
				CLANG_CXX_LIBRARY = "libc++";
				CLANG_ENABLE_MODULES = YES;
				CLANG_ENABLE_OBJC_ARC = YES;
				CLANG_ENABLE_OBJC_WEAK = YES;
				CLANG_WARN_BLOCK_CAPTURE_AUTORELEASING = YES;
				CLANG_WARN_BOOL_CONVERSION = YES;
				CLANG_WARN_COMMA = YES;
				CLANG_WARN_CONSTANT_CONVERSION = YES;
				CLANG_WARN_DEPRECATED_OBJC_IMPLEMENTATIONS = YES;
				CLANG_WARN_DIRECT_OBJC_ISA_USAGE = YES_ERROR;
				CLANG_WARN_DOCUMENTATION_COMMENTS = YES;
				CLANG_WARN_EMPTY_BODY = YES;
				CLANG_WARN_ENUM_CONVERSION = YES;
				CLANG_WARN_INFINITE_RECURSION = YES;
				CLANG_WARN_INT_CONVERSION = YES;
				CLANG_WARN_NON_LITERAL_NULL_CONVERSION = YES;
				CLANG_WARN_OBJC_IMPLICIT_RETAIN_SELF = YES;
				CLANG_WARN_OBJC_LITERAL_CONVERSION = YES;
				CLANG_WARN_OBJC_ROOT_CLASS = YES_ERROR;
				CLANG_WARN_RANGE_LOOP_ANALYSIS = YES;
				CLANG_WARN_STRICT_PROTOTYPES = YES;
				CLANG_WARN_SUSPICIOUS_MOVE = YES;
				CLANG_WARN_UNGUARDED_AVAILABILITY = YES_AGGRESSIVE;
				CLANG_WARN_UNREACHABLE_CODE = YES;
				CLANG_WARN__DUPLICATE_METHOD_MATCH = YES;
				CODE_SIGN_IDENTITY = "iPhone Developer";
				COPY_PHASE_STRIP = NO;
				DEBUG_INFORMATION_FORMAT = "dwarf-with-dsym";
				ENABLE_NS_ASSERTIONS = NO;
				ENABLE_STRICT_OBJC_MSGSEND = YES;
				GCC_C_LANGUAGE_STANDARD = gnu11;
				GCC_NO_COMMON_BLOCKS = YES;
				GCC_WARN_64_TO_32_BIT_CONVERSION = YES;
				GCC_WARN_ABOUT_RETURN_TYPE = YES_ERROR;
				GCC_WARN_UNDECLARED_SELECTOR = YES;
				GCC_WARN_UNINITIALIZED_AUTOS = YES_AGGRESSIVE;
				GCC_WARN_UNUSED_FUNCTION = YES;
				GCC_WARN_UNUSED_VARIABLE = YES;
				IPHONEOS_DEPLOYMENT_TARGET = 11.3;
				MTL_ENABLE_DEBUG_INFO = NO;
				SDKROOT = iphoneos;
				SWIFT_COMPILATION_MODE = wholemodule;
				SWIFT_OPTIMIZATION_LEVEL = "-O";
				VALIDATE_PRODUCT = YES;
			};
			name = Release;
		};
		6761AC0E20B3205000F33068 /* Debug */ = {
			isa = XCBuildConfiguration;
			buildSettings = {
				ASSETCATALOG_COMPILER_APPICON_NAME = AppIcon;
				CODE_SIGN_STYLE = Automatic;
				DEVELOPMENT_TEAM = GDEYN6H976;
				INFOPLIST_FILE = NetworkingLayer/Info.plist;
				LD_RUNPATH_SEARCH_PATHS = (
					"$(inherited)",
					"@executable_path/Frameworks",
				);
				PRODUCT_BUNDLE_IDENTIFIER = com.caolsen.NetworkingLayer;
				PRODUCT_NAME = "$(TARGET_NAME)";
				SWIFT_VERSION = 4.0;
				TARGETED_DEVICE_FAMILY = "1,2";
			};
			name = Debug;
		};
		6761AC0F20B3205000F33068 /* Release */ = {
			isa = XCBuildConfiguration;
			buildSettings = {
				ASSETCATALOG_COMPILER_APPICON_NAME = AppIcon;
				CODE_SIGN_STYLE = Automatic;
				DEVELOPMENT_TEAM = GDEYN6H976;
				INFOPLIST_FILE = NetworkingLayer/Info.plist;
				LD_RUNPATH_SEARCH_PATHS = (
					"$(inherited)",
					"@executable_path/Frameworks",
				);
				PRODUCT_BUNDLE_IDENTIFIER = com.caolsen.NetworkingLayer;
				PRODUCT_NAME = "$(TARGET_NAME)";
				SWIFT_VERSION = 4.0;
				TARGETED_DEVICE_FAMILY = "1,2";
			};
			name = Release;
		};
		6761AC1120B3205000F33068 /* Debug */ = {
			isa = XCBuildConfiguration;
			buildSettings = {
				ALWAYS_EMBED_SWIFT_STANDARD_LIBRARIES = YES;
				BUNDLE_LOADER = "$(TEST_HOST)";
				CODE_SIGN_STYLE = Automatic;
				DEVELOPMENT_TEAM = GDEYN6H976;
				INFOPLIST_FILE = NetworkingLayerTests/Info.plist;
				LD_RUNPATH_SEARCH_PATHS = (
					"$(inherited)",
					"@executable_path/Frameworks",
					"@loader_path/Frameworks",
				);
				PRODUCT_BUNDLE_IDENTIFIER = com.caolsen.NetworkingLayerTests;
				PRODUCT_NAME = "$(TARGET_NAME)";
				SWIFT_VERSION = 4.0;
				TARGETED_DEVICE_FAMILY = "1,2";
				TEST_HOST = "$(BUILT_PRODUCTS_DIR)/NetworkingLayer.app/NetworkingLayer";
			};
			name = Debug;
		};
		6761AC1220B3205000F33068 /* Release */ = {
			isa = XCBuildConfiguration;
			buildSettings = {
				ALWAYS_EMBED_SWIFT_STANDARD_LIBRARIES = YES;
				BUNDLE_LOADER = "$(TEST_HOST)";
				CODE_SIGN_STYLE = Automatic;
				DEVELOPMENT_TEAM = GDEYN6H976;
				INFOPLIST_FILE = NetworkingLayerTests/Info.plist;
				LD_RUNPATH_SEARCH_PATHS = (
					"$(inherited)",
					"@executable_path/Frameworks",
					"@loader_path/Frameworks",
				);
				PRODUCT_BUNDLE_IDENTIFIER = com.caolsen.NetworkingLayerTests;
				PRODUCT_NAME = "$(TARGET_NAME)";
				SWIFT_VERSION = 4.0;
				TARGETED_DEVICE_FAMILY = "1,2";
				TEST_HOST = "$(BUILT_PRODUCTS_DIR)/NetworkingLayer.app/NetworkingLayer";
			};
			name = Release;
		};
/* End XCBuildConfiguration section */

/* Begin XCConfigurationList section */
		6761ABEB20B3204E00F33068 /* Build configuration list for PBXProject "NetworkingLayer" */ = {
			isa = XCConfigurationList;
			buildConfigurations = (
				6761AC0B20B3205000F33068 /* Debug */,
				6761AC0C20B3205000F33068 /* Release */,
			);
			defaultConfigurationIsVisible = 0;
			defaultConfigurationName = Release;
		};
		6761AC0D20B3205000F33068 /* Build configuration list for PBXNativeTarget "NetworkingLayer" */ = {
			isa = XCConfigurationList;
			buildConfigurations = (
				6761AC0E20B3205000F33068 /* Debug */,
				6761AC0F20B3205000F33068 /* Release */,
			);
			defaultConfigurationIsVisible = 0;
			defaultConfigurationName = Release;
		};
		6761AC1020B3205000F33068 /* Build configuration list for PBXNativeTarget "NetworkingLayerTests" */ = {
			isa = XCConfigurationList;
			buildConfigurations = (
				6761AC1120B3205000F33068 /* Debug */,
				6761AC1220B3205000F33068 /* Release */,
			);
			defaultConfigurationIsVisible = 0;
			defaultConfigurationName = Release;
		};
/* End XCConfigurationList section */
	};
	rootObject = 6761ABE820B3204E00F33068 /* Project object */;
}
